// !$*UTF8*$!
{
	archiveVersion = 1;
	classes = {
	};
	objectVersion = 46;
	objects = {

/* Begin PBXBuildFile section */
		2D6342A11F0B60370025EBDB /* RCTMediaPlayerManager.m in Sources */ = {isa = PBXBuildFile; fileRef = 5FDB0B771CBB7B1900EDD727 /* RCTMediaPlayerManager.m */; };
		2D6342A21F0B603A0025EBDB /* RCTMediaPlayerView.m in Sources */ = {isa = PBXBuildFile; fileRef = 5FDB0B791CBB7B1900EDD727 /* RCTMediaPlayerView.m */; };
		5FDB0B7A1CBB7B1900EDD727 /* RCTMediaPlayerManager.m in Sources */ = {isa = PBXBuildFile; fileRef = 5FDB0B771CBB7B1900EDD727 /* RCTMediaPlayerManager.m */; };
		5FDB0B7B1CBB7B1900EDD727 /* RCTMediaPlayerView.m in Sources */ = {isa = PBXBuildFile; fileRef = 5FDB0B791CBB7B1900EDD727 /* RCTMediaPlayerView.m */; };
/* End PBXBuildFile section */

/* Begin PBXCopyFilesBuildPhase section */
		2D6342961F0B602E0025EBDB /* CopyFiles */ = {
			isa = PBXCopyFilesBuildPhase;
			buildActionMask = 2147483647;
			dstPath = "include/$(PRODUCT_NAME)";
			dstSubfolderSpec = 16;
			files = (
			);
			runOnlyForDeploymentPostprocessing = 0;
		};
		5FDB0B681CBB7ACA00EDD727 /* CopyFiles */ = {
			isa = PBXCopyFilesBuildPhase;
			buildActionMask = 2147483647;
			dstPath = "include/$(PRODUCT_NAME)";
			dstSubfolderSpec = 16;
			files = (
			);
			runOnlyForDeploymentPostprocessing = 0;
		};
/* End PBXCopyFilesBuildPhase section */

/* Begin PBXFileReference section */
		2D6342981F0B602E0025EBDB /* libreact-native-media-kit-tvOS.a */ = {isa = PBXFileReference; explicitFileType = archive.ar; includeInIndex = 0; path = "libreact-native-media-kit-tvOS.a"; sourceTree = BUILT_PRODUCTS_DIR; };
		5FDB0B6A1CBB7ACA00EDD727 /* libreact-native-media-kit.a */ = {isa = PBXFileReference; explicitFileType = archive.ar; includeInIndex = 0; path = "libreact-native-media-kit.a"; sourceTree = BUILT_PRODUCTS_DIR; };
		5FDB0B761CBB7B1900EDD727 /* RCTMediaPlayerManager.h */ = {isa = PBXFileReference; fileEncoding = 4; lastKnownFileType = sourcecode.c.h; path = RCTMediaPlayerManager.h; sourceTree = "<group>"; };
		5FDB0B771CBB7B1900EDD727 /* RCTMediaPlayerManager.m */ = {isa = PBXFileReference; fileEncoding = 4; lastKnownFileType = sourcecode.c.objc; path = RCTMediaPlayerManager.m; sourceTree = "<group>"; };
		5FDB0B781CBB7B1900EDD727 /* RCTMediaPlayerView.h */ = {isa = PBXFileReference; fileEncoding = 4; lastKnownFileType = sourcecode.c.h; path = RCTMediaPlayerView.h; sourceTree = "<group>"; };
		5FDB0B791CBB7B1900EDD727 /* RCTMediaPlayerView.m */ = {isa = PBXFileReference; fileEncoding = 4; lastKnownFileType = sourcecode.c.objc; path = RCTMediaPlayerView.m; sourceTree = "<group>"; };
/* End PBXFileReference section */

/* Begin PBXFrameworksBuildPhase section */
		2D6342951F0B602E0025EBDB /* Frameworks */ = {
			isa = PBXFrameworksBuildPhase;
			buildActionMask = 2147483647;
			files = (
			);
			runOnlyForDeploymentPostprocessing = 0;
		};
		5FDB0B671CBB7ACA00EDD727 /* Frameworks */ = {
			isa = PBXFrameworksBuildPhase;
			buildActionMask = 2147483647;
			files = (
			);
			runOnlyForDeploymentPostprocessing = 0;
		};
/* End PBXFrameworksBuildPhase section */

/* Begin PBXGroup section */
		5FDB0B611CBB7ACA00EDD727 = {
			isa = PBXGroup;
			children = (
				5FDB0B6C1CBB7ACA00EDD727 /* react-native-media-kit */,
				5FDB0B6B1CBB7ACA00EDD727 /* Products */,
			);
			sourceTree = "<group>";
		};
		5FDB0B6B1CBB7ACA00EDD727 /* Products */ = {
			isa = PBXGroup;
			children = (
				5FDB0B6A1CBB7ACA00EDD727 /* libreact-native-media-kit.a */,
				2D6342981F0B602E0025EBDB /* libreact-native-media-kit-tvOS.a */,
			);
			name = Products;
			sourceTree = "<group>";
		};
		5FDB0B6C1CBB7ACA00EDD727 /* react-native-media-kit */ = {
			isa = PBXGroup;
			children = (
				5FDB0B761CBB7B1900EDD727 /* RCTMediaPlayerManager.h */,
				5FDB0B771CBB7B1900EDD727 /* RCTMediaPlayerManager.m */,
				5FDB0B781CBB7B1900EDD727 /* RCTMediaPlayerView.h */,
				5FDB0B791CBB7B1900EDD727 /* RCTMediaPlayerView.m */,
			);
			path = "react-native-media-kit";
			sourceTree = "<group>";
		};
/* End PBXGroup section */

/* Begin PBXNativeTarget section */
		2D6342971F0B602E0025EBDB /* react-native-media-kit-tvOS */ = {
			isa = PBXNativeTarget;
			buildConfigurationList = 2D6342A01F0B602E0025EBDB /* Build configuration list for PBXNativeTarget "react-native-media-kit-tvOS" */;
			buildPhases = (
				2D6342941F0B602E0025EBDB /* Sources */,
				2D6342951F0B602E0025EBDB /* Frameworks */,
				2D6342961F0B602E0025EBDB /* CopyFiles */,
			);
			buildRules = (
			);
			dependencies = (
			);
			name = "react-native-media-kit-tvOS";
			productName = "react-native-media-kit-tvOS";
			productReference = 2D6342981F0B602E0025EBDB /* libreact-native-media-kit-tvOS.a */;
			productType = "com.apple.product-type.library.static";
		};
		5FDB0B691CBB7ACA00EDD727 /* react-native-media-kit */ = {
			isa = PBXNativeTarget;
			buildConfigurationList = 5FDB0B731CBB7ACA00EDD727 /* Build configuration list for PBXNativeTarget "react-native-media-kit" */;
			buildPhases = (
				5FDB0B661CBB7ACA00EDD727 /* Sources */,
				5FDB0B671CBB7ACA00EDD727 /* Frameworks */,
				5FDB0B681CBB7ACA00EDD727 /* CopyFiles */,
			);
			buildRules = (
			);
			dependencies = (
			);
			name = "react-native-media-kit";
			productName = "react-native-media-kit";
			productReference = 5FDB0B6A1CBB7ACA00EDD727 /* libreact-native-media-kit.a */;
			productType = "com.apple.product-type.library.static";
		};
/* End PBXNativeTarget section */

/* Begin PBXProject section */
		5FDB0B621CBB7ACA00EDD727 /* Project object */ = {
			isa = PBXProject;
			attributes = {
				LastUpgradeCheck = 0730;
				ORGANIZATIONNAME = YOAI;
				TargetAttributes = {
					2D6342971F0B602E0025EBDB = {
						CreatedOnToolsVersion = 8.3.2;
						ProvisioningStyle = Automatic;
					};
					5FDB0B691CBB7ACA00EDD727 = {
						CreatedOnToolsVersion = 7.3;
						DevelopmentTeam = TTVS7J5UUP;
					};
				};
			};
			buildConfigurationList = 5FDB0B651CBB7ACA00EDD727 /* Build configuration list for PBXProject "react-native-media-kit" */;
			compatibilityVersion = "Xcode 3.2";
			developmentRegion = English;
			hasScannedForEncodings = 0;
			knownRegions = (
				en,
			);
			mainGroup = 5FDB0B611CBB7ACA00EDD727;
			productRefGroup = 5FDB0B6B1CBB7ACA00EDD727 /* Products */;
			projectDirPath = "";
			projectRoot = "";
			targets = (
				5FDB0B691CBB7ACA00EDD727 /* react-native-media-kit */,
				2D6342971F0B602E0025EBDB /* react-native-media-kit-tvOS */,
			);
		};
/* End PBXProject section */

/* Begin PBXSourcesBuildPhase section */
		2D6342941F0B602E0025EBDB /* Sources */ = {
			isa = PBXSourcesBuildPhase;
			buildActionMask = 2147483647;
			files = (
				2D6342A21F0B603A0025EBDB /* RCTMediaPlayerView.m in Sources */,
				2D6342A11F0B60370025EBDB /* RCTMediaPlayerManager.m in Sources */,
			);
			runOnlyForDeploymentPostprocessing = 0;
		};
		5FDB0B661CBB7ACA00EDD727 /* Sources */ = {
			isa = PBXSourcesBuildPhase;
			buildActionMask = 2147483647;
			files = (
				5FDB0B7B1CBB7B1900EDD727 /* RCTMediaPlayerView.m in Sources */,
				5FDB0B7A1CBB7B1900EDD727 /* RCTMediaPlayerManager.m in Sources */,
			);
			runOnlyForDeploymentPostprocessing = 0;
		};
/* End PBXSourcesBuildPhase section */

/* Begin XCBuildConfiguration section */
		2D63429E1F0B602E0025EBDB /* Debug */ = {
			isa = XCBuildConfiguration;
			buildSettings = {
				CLANG_ANALYZER_NUMBER_OBJECT_CONVERSION = YES_AGGRESSIVE;
				CLANG_WARN_DOCUMENTATION_COMMENTS = YES;
				CLANG_WARN_INFINITE_RECURSION = YES;
				CLANG_WARN_SUSPICIOUS_MOVE = YES;
				OTHER_LDFLAGS = "-ObjC";
				PRODUCT_NAME = "$(TARGET_NAME)";
				SDKROOT = appletvos;
				SKIP_INSTALL = YES;
				TVOS_DEPLOYMENT_TARGET = 10.2;
			};
			name = Debug;
		};
		2D63429F1F0B602E0025EBDB /* Release */ = {
			isa = XCBuildConfiguration;
			buildSettings = {
				CLANG_ANALYZER_NUMBER_OBJECT_CONVERSION = YES_AGGRESSIVE;
				CLANG_WARN_DOCUMENTATION_COMMENTS = YES;
				CLANG_WARN_INFINITE_RECURSION = YES;
				CLANG_WARN_SUSPICIOUS_MOVE = YES;
				OTHER_LDFLAGS = "-ObjC";
				PRODUCT_NAME = "$(TARGET_NAME)";
				SDKROOT = appletvos;
				SKIP_INSTALL = YES;
				TVOS_DEPLOYMENT_TARGET = 10.2;
			};
			name = Release;
		};
		5FDB0B711CBB7ACA00EDD727 /* Debug */ = {
			isa = XCBuildConfiguration;
			buildSettings = {
				ALWAYS_SEARCH_USER_PATHS = NO;
				CLANG_ANALYZER_NONNULL = YES;
				CLANG_CXX_LANGUAGE_STANDARD = "gnu++0x";
				CLANG_CXX_LIBRARY = "libc++";
				CLANG_ENABLE_MODULES = YES;
				CLANG_ENABLE_OBJC_ARC = YES;
				CLANG_WARN_BOOL_CONVERSION = YES;
				CLANG_WARN_CONSTANT_CONVERSION = YES;
				CLANG_WARN_DIRECT_OBJC_ISA_USAGE = YES_ERROR;
				CLANG_WARN_EMPTY_BODY = YES;
				CLANG_WARN_ENUM_CONVERSION = YES;
				CLANG_WARN_INT_CONVERSION = YES;
				CLANG_WARN_OBJC_ROOT_CLASS = YES_ERROR;
				CLANG_WARN_UNREACHABLE_CODE = YES;
				CLANG_WARN__DUPLICATE_METHOD_MATCH = YES;
				"CODE_SIGN_IDENTITY[sdk=iphoneos*]" = "iPhone Developer";
				COPY_PHASE_STRIP = NO;
				DEBUG_INFORMATION_FORMAT = dwarf;
				ENABLE_STRICT_OBJC_MSGSEND = YES;
				ENABLE_TESTABILITY = YES;
				GCC_C_LANGUAGE_STANDARD = gnu99;
				GCC_DYNAMIC_NO_PIC = NO;
				GCC_NO_COMMON_BLOCKS = YES;
				GCC_OPTIMIZATION_LEVEL = 0;
				GCC_PREPROCESSOR_DEFINITIONS = (
					"DEBUG=1",
					"$(inherited)",
				);
				GCC_WARN_64_TO_32_BIT_CONVERSION = YES;
				GCC_WARN_ABOUT_RETURN_TYPE = YES_ERROR;
				GCC_WARN_UNDECLARED_SELECTOR = YES;
				GCC_WARN_UNINITIALIZED_AUTOS = YES_AGGRESSIVE;
				GCC_WARN_UNUSED_FUNCTION = YES;
				GCC_WARN_UNUSED_VARIABLE = YES;
				IPHONEOS_DEPLOYMENT_TARGET = 9.3;
				MTL_ENABLE_DEBUG_INFO = YES;
				ONLY_ACTIVE_ARCH = YES;
				SDKROOT = iphoneos;
			};
			name = Debug;
		};
		5FDB0B721CBB7ACA00EDD727 /* Release */ = {
			isa = XCBuildConfiguration;
			buildSettings = {
				ALWAYS_SEARCH_USER_PATHS = NO;
				CLANG_ANALYZER_NONNULL = YES;
				CLANG_CXX_LANGUAGE_STANDARD = "gnu++0x";
				CLANG_CXX_LIBRARY = "libc++";
				CLANG_ENABLE_MODULES = YES;
				CLANG_ENABLE_OBJC_ARC = YES;
				CLANG_WARN_BOOL_CONVERSION = YES;
				CLANG_WARN_CONSTANT_CONVERSION = YES;
				CLANG_WARN_DIRECT_OBJC_ISA_USAGE = YES_ERROR;
				CLANG_WARN_EMPTY_BODY = YES;
				CLANG_WARN_ENUM_CONVERSION = YES;
				CLANG_WARN_INT_CONVERSION = YES;
				CLANG_WARN_OBJC_ROOT_CLASS = YES_ERROR;
				CLANG_WARN_UNREACHABLE_CODE = YES;
				CLANG_WARN__DUPLICATE_METHOD_MATCH = YES;
				"CODE_SIGN_IDENTITY[sdk=iphoneos*]" = "iPhone Developer";
				COPY_PHASE_STRIP = NO;
				DEBUG_INFORMATION_FORMAT = "dwarf-with-dsym";
				ENABLE_NS_ASSERTIONS = NO;
				ENABLE_STRICT_OBJC_MSGSEND = YES;
				GCC_C_LANGUAGE_STANDARD = gnu99;
				GCC_NO_COMMON_BLOCKS = YES;
				GCC_WARN_64_TO_32_BIT_CONVERSION = YES;
				GCC_WARN_ABOUT_RETURN_TYPE = YES_ERROR;
				GCC_WARN_UNDECLARED_SELECTOR = YES;
				GCC_WARN_UNINITIALIZED_AUTOS = YES_AGGRESSIVE;
				GCC_WARN_UNUSED_FUNCTION = YES;
				GCC_WARN_UNUSED_VARIABLE = YES;
				IPHONEOS_DEPLOYMENT_TARGET = 9.3;
				MTL_ENABLE_DEBUG_INFO = NO;
				SDKROOT = iphoneos;
				VALIDATE_PRODUCT = YES;
			};
			name = Release;
		};
		5FDB0B741CBB7ACA00EDD727 /* Debug */ = {
			isa = XCBuildConfiguration;
			buildSettings = {
				HEADER_SEARCH_PATHS = "$(SRCROOT)/../../react-native/React/**";
				OTHER_LDFLAGS = "-ObjC";
				PRODUCT_NAME = "$(TARGET_NAME)";
				SKIP_INSTALL = YES;
			};
			name = Debug;
		};
		5FDB0B751CBB7ACA00EDD727 /* Release */ = {
			isa = XCBuildConfiguration;
			buildSettings = {
				HEADER_SEARCH_PATHS = "$(SRCROOT)/../../react-native/React/**";
				OTHER_LDFLAGS = "-ObjC";
				PRODUCT_NAME = "$(TARGET_NAME)";
				SKIP_INSTALL = YES;
			};
			name = Release;
		};
/* End XCBuildConfiguration section */

/* Begin XCConfigurationList section */
		2D6342A01F0B602E0025EBDB /* Build configuration list for PBXNativeTarget "react-native-media-kit-tvOS" */ = {
			isa = XCConfigurationList;
			buildConfigurations = (
				2D63429E1F0B602E0025EBDB /* Debug */,
				2D63429F1F0B602E0025EBDB /* Release */,
			);
			defaultConfigurationIsVisible = 0;
		};
		5FDB0B651CBB7ACA00EDD727 /* Build configuration list for PBXProject "react-native-media-kit" */ = {
			isa = XCConfigurationList;
			buildConfigurations = (
				5FDB0B711CBB7ACA00EDD727 /* Debug */,
				5FDB0B721CBB7ACA00EDD727 /* Release */,
			);
			defaultConfigurationIsVisible = 0;
			defaultConfigurationName = Release;
		};
		5FDB0B731CBB7ACA00EDD727 /* Build configuration list for PBXNativeTarget "react-native-media-kit" */ = {
			isa = XCConfigurationList;
			buildConfigurations = (
				5FDB0B741CBB7ACA00EDD727 /* Debug */,
				5FDB0B751CBB7ACA00EDD727 /* Release */,
			);
			defaultConfigurationIsVisible = 0;
			defaultConfigurationName = Release;
		};
/* End XCConfigurationList section */
	};
	rootObject = 5FDB0B621CBB7ACA00EDD727 /* Project object */;
}
